
Microsoft Visual Studio Solution File, Format Version 12.00
# Visual Studio Version 17
VisualStudioVersion = 17.9.34902.65
MinimumVisualStudioVersion = 10.0.40219.1
Project("{9A19103F-16F7-4668-BE54-9A1E7A4F7556}") = "student_registration", "student_registration\student_registration.csproj", "{C162ED71-30A6-4BC1-AB5E-ACB47E5459DF}"
EndProject
Project("{9A19103F-16F7-4668-BE54-9A1E7A4F7556}") = "StudentRegistration.Domain", "StudentRegistration.Domain\StudentRegistration.Domain.csproj", "{11CC0B87-7081-4EB0-8ED1-2C8E7ECFEC5E}"
EndProject
Project("{9A19103F-16F7-4668-BE54-9A1E7A4F7556}") = "StudentRegistration.Application", "StudentRegistration.Application\StudentRegistration.Application.csproj", "{4197DB28-5C83-4457-8DE5-1C39852635D0}"
EndProject
Project("{9A19103F-16F7-4668-BE54-9A1E7A4F7556}") = "StudentRegistration.Infrastructure", "StudentRegistration.Infrastructure\StudentRegistration.Infrastructure.csproj", "{DA50E3B9-173B-48A9-B1EE-B558A1FB817F}"
EndProject
Global
	GlobalSection(SolutionConfigurationPlatforms) = preSolution
		Debug|Any CPU = Debug|Any CPU
		Release|Any CPU = Release|Any CPU
	EndGlobalSection
	GlobalSection(ProjectConfigurationPlatforms) = postSolution
		{C162ED71-30A6-4BC1-AB5E-ACB47E5459DF}.Debug|Any CPU.ActiveCfg = Debug|Any CPU
		{C162ED71-30A6-4BC1-AB5E-ACB47E5459DF}.Debug|Any CPU.Build.0 = Debug|Any CPU
		{C162ED71-30A6-4BC1-AB5E-ACB47E5459DF}.Release|Any CPU.ActiveCfg = Release|Any CPU
		{C162ED71-30A6-4BC1-AB5E-ACB47E5459DF}.Release|Any CPU.Build.0 = Release|Any CPU
		{11CC0B87-7081-4EB0-8ED1-2C8E7ECFEC5E}.Debug|Any CPU.ActiveCfg = Debug|Any CPU
		{11CC0B87-7081-4EB0-8ED1-2C8E7ECFEC5E}.Debug|Any CPU.Build.0 = Debug|Any CPU
		{11CC0B87-7081-4EB0-8ED1-2C8E7ECFEC5E}.Release|Any CPU.ActiveCfg = Release|Any CPU
		{11CC0B87-7081-4EB0-8ED1-2C8E7ECFEC5E}.Release|Any CPU.Build.0 = Release|Any CPU
		{4197DB28-5C83-4457-8DE5-1C39852635D0}.Debug|Any CPU.ActiveCfg = Debug|Any CPU
		{4197DB28-5C83-4457-8DE5-1C39852635D0}.Debug|Any CPU.Build.0 = Debug|Any CPU
		{4197DB28-5C83-4457-8DE5-1C39852635D0}.Release|Any CPU.ActiveCfg = Release|Any CPU
		{4197DB28-5C83-4457-8DE5-1C39852635D0}.Release|Any CPU.Build.0 = Release|Any CPU
		{DA50E3B9-173B-48A9-B1EE-B558A1FB817F}.Debug|Any CPU.ActiveCfg = Debug|Any CPU
		{DA50E3B9-173B-48A9-B1EE-B558A1FB817F}.Debug|Any CPU.Build.0 = Debug|Any CPU
		{DA50E3B9-173B-48A9-B1EE-B558A1FB817F}.Release|Any CPU.ActiveCfg = Release|Any CPU
		{DA50E3B9-173B-48A9-B1EE-B558A1FB817F}.Release|Any CPU.Build.0 = Release|Any CPU
	EndGlobalSection
	GlobalSection(SolutionProperties) = preSolution
		HideSolutionNode = FALSE
	EndGlobalSection
	GlobalSection(ExtensibilityGlobals) = postSolution
		SolutionGuid = {8849939F-C26F-4FC6-8FB0-BFC1AC707052}
	EndGlobalSection
EndGlobal
